
Microsoft Visual Studio Solution File, Format Version 12.00
# Visual Studio Version 16
VisualStudioVersion = 16.0.30225.117
MinimumVisualStudioVersion = 10.0.40219.1
Project("{8BC9CEB8-8B4A-11D0-8D11-00A0C91BC942}") = "practice", "practice\practice.vcxproj", "{D889D799-F85F-4DD4-ACCA-761667A6F9EC}"
EndProject
Global
	GlobalSection(SolutionConfigurationPlatforms) = preSolution
		Debug|x64 = Debug|x64
		Debug|x86 = Debug|x86
		Release|x64 = Release|x64
		Release|x86 = Release|x86
	EndGlobalSection
	GlobalSection(ProjectConfigurationPlatforms) = postSolution
		{D889D799-F85F-4DD4-ACCA-761667A6F9EC}.Debug|x64.ActiveCfg = Debug|x64
		{D889D799-F85F-4DD4-ACCA-761667A6F9EC}.Debug|x64.Build.0 = Debug|x64
		{D889D799-F85F-4DD4-ACCA-761667A6F9EC}.Debug|x86.ActiveCfg = Debug|Win32
		{D889D799-F85F-4DD4-ACCA-761667A6F9EC}.Debug|x86.Build.0 = Debug|Win32
		{D889D799-F85F-4DD4-ACCA-761667A6F9EC}.Release|x64.ActiveCfg = Release|x64
		{D889D799-F85F-4DD4-ACCA-761667A6F9EC}.Release|x64.Build.0 = Release|x64
		{D889D799-F85F-4DD4-ACCA-761667A6F9EC}.Release|x86.ActiveCfg = Release|Win32
		{D889D799-F85F-4DD4-ACCA-761667A6F9EC}.Release|x86.Build.0 = Release|Win32
	EndGlobalSection
	GlobalSection(SolutionProperties) = preSolution
		HideSolutionNode = FALSE
	EndGlobalSection
	GlobalSection(ExtensibilityGlobals) = postSolution
		SolutionGuid = {D3FB5C30-422C-4884-BE2E-5D0E8DA84819}
	EndGlobalSection
EndGlobal
